
Microsoft Visual Studio Solution File, Format Version 12.00
# Visual Studio Version 17
VisualStudioVersion = 17.7.34009.444
MinimumVisualStudioVersion = 10.0.40219.1
Project("{FAE04EC0-301F-11D3-BF4B-00C04F79EFBC}") = "ground-services-mgr-pmdg", "ground-services-mgr-pmdg\ground-services-mgr-pmdg.csproj", "{1CCF6038-0F6A-45B1-832F-99CB7301E717}"
EndProject
Global
	GlobalSection(SolutionConfigurationPlatforms) = preSolution
		Debug|Any CPU = Debug|Any CPU
		Release|Any CPU = Release|Any CPU
	EndGlobalSection
	GlobalSection(ProjectConfigurationPlatforms) = postSolution
		{1CCF6038-0F6A-45B1-832F-99CB7301E717}.Debug|Any CPU.ActiveCfg = Debug|Any CPU
		{1CCF6038-0F6A-45B1-832F-99CB7301E717}.Debug|Any CPU.Build.0 = Debug|Any CPU
		{1CCF6038-0F6A-45B1-832F-99CB7301E717}.Release|Any CPU.ActiveCfg = Release|Any CPU
		{1CCF6038-0F6A-45B1-832F-99CB7301E717}.Release|Any CPU.Build.0 = Release|Any CPU
	EndGlobalSection
	GlobalSection(SolutionProperties) = preSolution
		HideSolutionNode = FALSE
	EndGlobalSection
	GlobalSection(ExtensibilityGlobals) = postSolution
		SolutionGuid = {73984A0B-F369-4581-A05B-18B2274DC9D9}
	EndGlobalSection
EndGlobal
